
Microsoft Visual Studio Solution File, Format Version 12.00
# Visual Studio Version 16
VisualStudioVersion = 16.0.30503.244
MinimumVisualStudioVersion = 10.0.40219.1
Project("{FAE04EC0-301F-11D3-BF4B-00C04F79EFBC}") = "Data", "Data\Data.csproj", "{BF342E57-0F65-4415-B162-215E05635795}"
EndProject
Global
	GlobalSection(SolutionConfigurationPlatforms) = preSolution
		Debug|Any CPU = Debug|Any CPU
		Release|Any CPU = Release|Any CPU
	EndGlobalSection
	GlobalSection(ProjectConfigurationPlatforms) = postSolution
		{BF342E57-0F65-4415-B162-215E05635795}.Debug|Any CPU.ActiveCfg = Debug|Any CPU
		{BF342E57-0F65-4415-B162-215E05635795}.Debug|Any CPU.Build.0 = Debug|Any CPU
		{BF342E57-0F65-4415-B162-215E05635795}.Release|Any CPU.ActiveCfg = Release|Any CPU
		{BF342E57-0F65-4415-B162-215E05635795}.Release|Any CPU.Build.0 = Release|Any CPU
	EndGlobalSection
	GlobalSection(SolutionProperties) = preSolution
		HideSolutionNode = FALSE
	EndGlobalSection
	GlobalSection(ExtensibilityGlobals) = postSolution
		SolutionGuid = {3830B79F-DCE4-4A7A-810D-3E8AF3715FA9}
	EndGlobalSection
EndGlobal
